{
  "name": "client",
  "version": "0.1.0",
  "lockfileVersion": 1,
  "requires": true,
  "dependencies": {
    "@react-native-community/checkbox": {
      "version": "0.5.6",
      "resolved": "https://registry.npmjs.org/@react-native-community/checkbox/-/checkbox-0.5.6.tgz",
      "integrity": "sha512-mya9hPo82M2iT30jou9FDLSafS4W2E79+0XbjbDFs3pxy3Lm1DnH0cCjzFFp7AaSBK/ShRD1ubqu6905TPaU4A=="
    }
  }
}
